
Microsoft Visual Studio Solution File, Format Version 12.00
# Visual Studio Version 16
VisualStudioVersion = 16.0.31321.278
MinimumVisualStudioVersion = 10.0.40219.1
Project("{FAE04EC0-301F-11D3-BF4B-00C04F79EFBC}") = "IS1-20-MalbergEA", "IS1-20-MalbergEA\IS1-20-MalbergEA.csproj", "{ED875B94-ABD2-4695-A4CD-B79BC7235474}"
EndProject
Global
	GlobalSection(SolutionConfigurationPlatforms) = preSolution
		Debug|Any CPU = Debug|Any CPU
		Release|Any CPU = Release|Any CPU
	EndGlobalSection
	GlobalSection(ProjectConfigurationPlatforms) = postSolution
		{ED875B94-ABD2-4695-A4CD-B79BC7235474}.Debug|Any CPU.ActiveCfg = Debug|Any CPU
		{ED875B94-ABD2-4695-A4CD-B79BC7235474}.Debug|Any CPU.Build.0 = Debug|Any CPU
		{ED875B94-ABD2-4695-A4CD-B79BC7235474}.Release|Any CPU.ActiveCfg = Release|Any CPU
		{ED875B94-ABD2-4695-A4CD-B79BC7235474}.Release|Any CPU.Build.0 = Release|Any CPU
	EndGlobalSection
	GlobalSection(SolutionProperties) = preSolution
		HideSolutionNode = FALSE
	EndGlobalSection
	GlobalSection(ExtensibilityGlobals) = postSolution
		SolutionGuid = {497B7104-EA24-4591-A0E7-23840A0AF3EB}
	EndGlobalSection
EndGlobal
